
Microsoft Visual Studio Solution File, Format Version 12.00
# Visual Studio 15
VisualStudioVersion = 15.0.27703.2035
MinimumVisualStudioVersion = 10.0.40219.1
Project("{FAE04EC0-301F-11D3-BF4B-00C04F79EFBC}") = "ApplicationForAncud", "ApplicationForAncud\ApplicationForAncud.csproj", "{DBB08F13-8848-42D3-8948-5DCA8638FB2A}"
EndProject
Global
	GlobalSection(SolutionConfigurationPlatforms) = preSolution
		Debug|Any CPU = Debug|Any CPU
		Release|Any CPU = Release|Any CPU
	EndGlobalSection
	GlobalSection(ProjectConfigurationPlatforms) = postSolution
		{DBB08F13-8848-42D3-8948-5DCA8638FB2A}.Debug|Any CPU.ActiveCfg = Debug|Any CPU
		{DBB08F13-8848-42D3-8948-5DCA8638FB2A}.Debug|Any CPU.Build.0 = Debug|Any CPU
		{DBB08F13-8848-42D3-8948-5DCA8638FB2A}.Release|Any CPU.ActiveCfg = Release|Any CPU
		{DBB08F13-8848-42D3-8948-5DCA8638FB2A}.Release|Any CPU.Build.0 = Release|Any CPU
	EndGlobalSection
	GlobalSection(SolutionProperties) = preSolution
		HideSolutionNode = FALSE
	EndGlobalSection
	GlobalSection(ExtensibilityGlobals) = postSolution
		SolutionGuid = {31D1DC5C-6FF0-44BC-9CDA-7B8173A03F0E}
	EndGlobalSection
EndGlobal
